
Microsoft Visual Studio Solution File, Format Version 12.00
# Visual Studio Version 17
VisualStudioVersion = 17.4.33213.308
MinimumVisualStudioVersion = 10.0.40219.1
Project("{FAE04EC0-301F-11D3-BF4B-00C04F79EFBC}") = "WebApp", "WebApp\WebApp.csproj", "{BE8A42F1-FDBE-4B85-B9B6-93FA0C48B98A}"
EndProject
Global
	GlobalSection(SolutionConfigurationPlatforms) = preSolution
		Debug|Any CPU = Debug|Any CPU
		Release|Any CPU = Release|Any CPU
	EndGlobalSection
	GlobalSection(ProjectConfigurationPlatforms) = postSolution
		{BE8A42F1-FDBE-4B85-B9B6-93FA0C48B98A}.Debug|Any CPU.ActiveCfg = Debug|Any CPU
		{BE8A42F1-FDBE-4B85-B9B6-93FA0C48B98A}.Debug|Any CPU.Build.0 = Debug|Any CPU
		{BE8A42F1-FDBE-4B85-B9B6-93FA0C48B98A}.Release|Any CPU.ActiveCfg = Release|Any CPU
		{BE8A42F1-FDBE-4B85-B9B6-93FA0C48B98A}.Release|Any CPU.Build.0 = Release|Any CPU
	EndGlobalSection
	GlobalSection(SolutionProperties) = preSolution
		HideSolutionNode = FALSE
	EndGlobalSection
	GlobalSection(ExtensibilityGlobals) = postSolution
		SolutionGuid = {0590FA1F-9E32-408E-8121-FF810193480C}
	EndGlobalSection
EndGlobal
